
Microsoft Visual Studio Solution File, Format Version 12.00
# Visual Studio 2012
Project("{FAE04EC0-301F-11D3-BF4B-00C04F79EFBC}") = "Trollo", "Trollo\Trollo.csproj", "{4EDECB20-34B4-44A2-9E54-4E98DBD982B5}"
EndProject
Project("{FAE04EC0-301F-11D3-BF4B-00C04F79EFBC}") = "Trollo.Droid", "Droid\Trollo.Droid.csproj", "{F6C59857-7EE2-46F6-9839-41526D0D70DE}"
EndProject
Project("{FAE04EC0-301F-11D3-BF4B-00C04F79EFBC}") = "Trollo.iOS", "iOS\Trollo.iOS.csproj", "{4C5DE43B-B6E6-4E87-8FC7-00F3D4C4893B}"
EndProject
Project("{FAE04EC0-301F-11D3-BF4B-00C04F79EFBC}") = "Trollo.UITests", "UITests\Trollo.UITests.csproj", "{A891F8E7-05BF-483E-B11A-DA96A87C7E17}"
EndProject
Global
	GlobalSection(SolutionConfigurationPlatforms) = preSolution
		Debug|Any CPU = Debug|Any CPU
		Release|Any CPU = Release|Any CPU
		Debug|iPhoneSimulator = Debug|iPhoneSimulator
		Release|iPhone = Release|iPhone
		Release|iPhoneSimulator = Release|iPhoneSimulator
		Debug|iPhone = Debug|iPhone
	EndGlobalSection
	GlobalSection(ProjectConfigurationPlatforms) = postSolution
		{4EDECB20-34B4-44A2-9E54-4E98DBD982B5}.Debug|Any CPU.ActiveCfg = Debug|Any CPU
		{4EDECB20-34B4-44A2-9E54-4E98DBD982B5}.Debug|Any CPU.Build.0 = Debug|Any CPU
		{4EDECB20-34B4-44A2-9E54-4E98DBD982B5}.Release|Any CPU.ActiveCfg = Release|Any CPU
		{4EDECB20-34B4-44A2-9E54-4E98DBD982B5}.Release|Any CPU.Build.0 = Release|Any CPU
		{4EDECB20-34B4-44A2-9E54-4E98DBD982B5}.Debug|iPhoneSimulator.ActiveCfg = Debug|Any CPU
		{4EDECB20-34B4-44A2-9E54-4E98DBD982B5}.Debug|iPhoneSimulator.Build.0 = Debug|Any CPU
		{4EDECB20-34B4-44A2-9E54-4E98DBD982B5}.Release|iPhone.ActiveCfg = Release|Any CPU
		{4EDECB20-34B4-44A2-9E54-4E98DBD982B5}.Release|iPhone.Build.0 = Release|Any CPU
		{4EDECB20-34B4-44A2-9E54-4E98DBD982B5}.Release|iPhoneSimulator.ActiveCfg = Release|Any CPU
		{4EDECB20-34B4-44A2-9E54-4E98DBD982B5}.Release|iPhoneSimulator.Build.0 = Release|Any CPU
		{4EDECB20-34B4-44A2-9E54-4E98DBD982B5}.Debug|iPhone.ActiveCfg = Debug|Any CPU
		{4EDECB20-34B4-44A2-9E54-4E98DBD982B5}.Debug|iPhone.Build.0 = Debug|Any CPU
		{F6C59857-7EE2-46F6-9839-41526D0D70DE}.Debug|Any CPU.ActiveCfg = Debug|Any CPU
		{F6C59857-7EE2-46F6-9839-41526D0D70DE}.Debug|Any CPU.Build.0 = Debug|Any CPU
		{F6C59857-7EE2-46F6-9839-41526D0D70DE}.Release|Any CPU.ActiveCfg = Release|Any CPU
		{F6C59857-7EE2-46F6-9839-41526D0D70DE}.Release|Any CPU.Build.0 = Release|Any CPU
		{F6C59857-7EE2-46F6-9839-41526D0D70DE}.Debug|iPhoneSimulator.ActiveCfg = Debug|Any CPU
		{F6C59857-7EE2-46F6-9839-41526D0D70DE}.Debug|iPhoneSimulator.Build.0 = Debug|Any CPU
		{F6C59857-7EE2-46F6-9839-41526D0D70DE}.Release|iPhone.ActiveCfg = Release|Any CPU
		{F6C59857-7EE2-46F6-9839-41526D0D70DE}.Release|iPhone.Build.0 = Release|Any CPU
		{F6C59857-7EE2-46F6-9839-41526D0D70DE}.Release|iPhoneSimulator.ActiveCfg = Release|Any CPU
		{F6C59857-7EE2-46F6-9839-41526D0D70DE}.Release|iPhoneSimulator.Build.0 = Release|Any CPU
		{F6C59857-7EE2-46F6-9839-41526D0D70DE}.Debug|iPhone.ActiveCfg = Debug|Any CPU
		{F6C59857-7EE2-46F6-9839-41526D0D70DE}.Debug|iPhone.Build.0 = Debug|Any CPU
		{4C5DE43B-B6E6-4E87-8FC7-00F3D4C4893B}.Debug|Any CPU.ActiveCfg = Debug|iPhoneSimulator
		{4C5DE43B-B6E6-4E87-8FC7-00F3D4C4893B}.Debug|Any CPU.Build.0 = Debug|iPhoneSimulator
		{4C5DE43B-B6E6-4E87-8FC7-00F3D4C4893B}.Release|Any CPU.ActiveCfg = Release|iPhone
		{4C5DE43B-B6E6-4E87-8FC7-00F3D4C4893B}.Release|Any CPU.Build.0 = Release|iPhone
		{4C5DE43B-B6E6-4E87-8FC7-00F3D4C4893B}.Debug|iPhoneSimulator.ActiveCfg = Debug|iPhoneSimulator
		{4C5DE43B-B6E6-4E87-8FC7-00F3D4C4893B}.Debug|iPhoneSimulator.Build.0 = Debug|iPhoneSimulator
		{4C5DE43B-B6E6-4E87-8FC7-00F3D4C4893B}.Release|iPhone.ActiveCfg = Release|iPhone
		{4C5DE43B-B6E6-4E87-8FC7-00F3D4C4893B}.Release|iPhone.Build.0 = Release|iPhone
		{4C5DE43B-B6E6-4E87-8FC7-00F3D4C4893B}.Release|iPhoneSimulator.ActiveCfg = Release|iPhoneSimulator
		{4C5DE43B-B6E6-4E87-8FC7-00F3D4C4893B}.Release|iPhoneSimulator.Build.0 = Release|iPhoneSimulator
		{4C5DE43B-B6E6-4E87-8FC7-00F3D4C4893B}.Debug|iPhone.ActiveCfg = Debug|iPhone
		{4C5DE43B-B6E6-4E87-8FC7-00F3D4C4893B}.Debug|iPhone.Build.0 = Debug|iPhone
		{A891F8E7-05BF-483E-B11A-DA96A87C7E17}.Debug|Any CPU.ActiveCfg = Debug|Any CPU
		{A891F8E7-05BF-483E-B11A-DA96A87C7E17}.Debug|Any CPU.Build.0 = Debug|Any CPU
		{A891F8E7-05BF-483E-B11A-DA96A87C7E17}.Release|Any CPU.ActiveCfg = Release|Any CPU
		{A891F8E7-05BF-483E-B11A-DA96A87C7E17}.Release|Any CPU.Build.0 = Release|Any CPU
		{A891F8E7-05BF-483E-B11A-DA96A87C7E17}.Debug|iPhoneSimulator.ActiveCfg = Debug|Any CPU
		{A891F8E7-05BF-483E-B11A-DA96A87C7E17}.Debug|iPhoneSimulator.Build.0 = Debug|Any CPU
		{A891F8E7-05BF-483E-B11A-DA96A87C7E17}.Release|iPhone.ActiveCfg = Release|Any CPU
		{A891F8E7-05BF-483E-B11A-DA96A87C7E17}.Release|iPhone.Build.0 = Release|Any CPU
		{A891F8E7-05BF-483E-B11A-DA96A87C7E17}.Release|iPhoneSimulator.ActiveCfg = Release|Any CPU
		{A891F8E7-05BF-483E-B11A-DA96A87C7E17}.Release|iPhoneSimulator.Build.0 = Release|Any CPU
		{A891F8E7-05BF-483E-B11A-DA96A87C7E17}.Debug|iPhone.ActiveCfg = Debug|Any CPU
		{A891F8E7-05BF-483E-B11A-DA96A87C7E17}.Debug|iPhone.Build.0 = Debug|Any CPU
	EndGlobalSection
EndGlobal
